
Microsoft Visual Studio Solution File, Format Version 12.00
# Visual Studio Version 17
VisualStudioVersion = 17.10.35122.118
MinimumVisualStudioVersion = 10.0.40219.1
Project("{FAE04EC0-301F-11D3-BF4B-00C04F79EFBC}") = "EFC_Course", "EFC-Course\EFC_Course.csproj", "{CE6AE43E-89BF-44E2-8D95-5BB55749AB4A}"
EndProject
Global
	GlobalSection(SolutionConfigurationPlatforms) = preSolution
		Debug|Any CPU = Debug|Any CPU
		Release|Any CPU = Release|Any CPU
	EndGlobalSection
	GlobalSection(ProjectConfigurationPlatforms) = postSolution
		{CE6AE43E-89BF-44E2-8D95-5BB55749AB4A}.Debug|Any CPU.ActiveCfg = Debug|Any CPU
		{CE6AE43E-89BF-44E2-8D95-5BB55749AB4A}.Debug|Any CPU.Build.0 = Debug|Any CPU
		{CE6AE43E-89BF-44E2-8D95-5BB55749AB4A}.Release|Any CPU.ActiveCfg = Release|Any CPU
		{CE6AE43E-89BF-44E2-8D95-5BB55749AB4A}.Release|Any CPU.Build.0 = Release|Any CPU
	EndGlobalSection
	GlobalSection(SolutionProperties) = preSolution
		HideSolutionNode = FALSE
	EndGlobalSection
	GlobalSection(ExtensibilityGlobals) = postSolution
		SolutionGuid = {BC679671-7DB4-4EB5-B372-34D38AE0E3F0}
	EndGlobalSection
EndGlobal
